// !$*UTF8*$!
{
	archiveVersion = 1;
	classes = {
	};
	objectVersion = 48;
	objects = {

/* Begin PBXBuildFile section */
		CF12791C1F7420A90084E469 /* AppDelegate.swift in Sources */ = {isa = PBXBuildFile; fileRef = CF12791B1F7420A90084E469 /* AppDelegate.swift */; };
		CF12791E1F7420A90084E469 /* ViewController.swift in Sources */ = {isa = PBXBuildFile; fileRef = CF12791D1F7420A90084E469 /* ViewController.swift */; };
		CF1279211F7420A90084E469 /* Main.storyboard in Resources */ = {isa = PBXBuildFile; fileRef = CF12791F1F7420A90084E469 /* Main.storyboard */; };
		CF1279231F7420A90084E469 /* Assets.xcassets in Resources */ = {isa = PBXBuildFile; fileRef = CF1279221F7420A90084E469 /* Assets.xcassets */; };
		CF1279261F7420A90084E469 /* LaunchScreen.storyboard in Resources */ = {isa = PBXBuildFile; fileRef = CF1279241F7420A90084E469 /* LaunchScreen.storyboard */; };
		CF1279311F7420A90084E469 /* FoundersDirectoryTests.swift in Sources */ = {isa = PBXBuildFile; fileRef = CF1279301F7420A90084E469 /* FoundersDirectoryTests.swift */; };
		CF12793C1F7420AA0084E469 /* FoundersDirectoryUITests.swift in Sources */ = {isa = PBXBuildFile; fileRef = CF12793B1F7420AA0084E469 /* FoundersDirectoryUITests.swift */; };
/* End PBXBuildFile section */

/* Begin PBXContainerItemProxy section */
		CF12792D1F7420A90084E469 /* PBXContainerItemProxy */ = {
			isa = PBXContainerItemProxy;
			containerPortal = CF1279101F7420A90084E469 /* Project object */;
			proxyType = 1;
			remoteGlobalIDString = CF1279171F7420A90084E469;
			remoteInfo = FoundersDirectory;
		};
		CF1279381F7420AA0084E469 /* PBXContainerItemProxy */ = {
			isa = PBXContainerItemProxy;
			containerPortal = CF1279101F7420A90084E469 /* Project object */;
			proxyType = 1;
			remoteGlobalIDString = CF1279171F7420A90084E469;
			remoteInfo = FoundersDirectory;
		};
/* End PBXContainerItemProxy section */

/* Begin PBXFileReference section */
		CF1279181F7420A90084E469 /* FoundersDirectory.app */ = {isa = PBXFileReference; explicitFileType = wrapper.application; includeInIndex = 0; path = FoundersDirectory.app; sourceTree = BUILT_PRODUCTS_DIR; };
		CF12791B1F7420A90084E469 /* AppDelegate.swift */ = {isa = PBXFileReference; lastKnownFileType = sourcecode.swift; path = AppDelegate.swift; sourceTree = "<group>"; };
		CF12791D1F7420A90084E469 /* ViewController.swift */ = {isa = PBXFileReference; lastKnownFileType = sourcecode.swift; path = ViewController.swift; sourceTree = "<group>"; };
		CF1279201F7420A90084E469 /* Base */ = {isa = PBXFileReference; lastKnownFileType = file.storyboard; name = Base; path = Base.lproj/Main.storyboard; sourceTree = "<group>"; };
		CF1279221F7420A90084E469 /* Assets.xcassets */ = {isa = PBXFileReference; lastKnownFileType = folder.assetcatalog; path = Assets.xcassets; sourceTree = "<group>"; };
		CF1279251F7420A90084E469 /* Base */ = {isa = PBXFileReference; lastKnownFileType = file.storyboard; name = Base; path = Base.lproj/LaunchScreen.storyboard; sourceTree = "<group>"; };
		CF1279271F7420A90084E469 /* Info.plist */ = {isa = PBXFileReference; lastKnownFileType = text.plist.xml; path = Info.plist; sourceTree = "<group>"; };
		CF12792C1F7420A90084E469 /* FoundersDirectoryTests.xctest */ = {isa = PBXFileReference; explicitFileType = wrapper.cfbundle; includeInIndex = 0; path = FoundersDirectoryTests.xctest; sourceTree = BUILT_PRODUCTS_DIR; };
		CF1279301F7420A90084E469 /* FoundersDirectoryTests.swift */ = {isa = PBXFileReference; lastKnownFileType = sourcecode.swift; path = FoundersDirectoryTests.swift; sourceTree = "<group>"; };
		CF1279321F7420A90084E469 /* Info.plist */ = {isa = PBXFileReference; lastKnownFileType = text.plist.xml; path = Info.plist; sourceTree = "<group>"; };
		CF1279371F7420AA0084E469 /* FoundersDirectoryUITests.xctest */ = {isa = PBXFileReference; explicitFileType = wrapper.cfbundle; includeInIndex = 0; path = FoundersDirectoryUITests.xctest; sourceTree = BUILT_PRODUCTS_DIR; };
		CF12793B1F7420AA0084E469 /* FoundersDirectoryUITests.swift */ = {isa = PBXFileReference; lastKnownFileType = sourcecode.swift; path = FoundersDirectoryUITests.swift; sourceTree = "<group>"; };
		CF12793D1F7420AA0084E469 /* Info.plist */ = {isa = PBXFileReference; lastKnownFileType = text.plist.xml; path = Info.plist; sourceTree = "<group>"; };
/* End PBXFileReference section */

/* Begin PBXFrameworksBuildPhase section */
		CF1279151F7420A90084E469 /* Frameworks */ = {
			isa = PBXFrameworksBuildPhase;
			buildActionMask = 2147483647;
			files = (
			);
			runOnlyForDeploymentPostprocessing = 0;
		};
		CF1279291F7420A90084E469 /* Frameworks */ = {
			isa = PBXFrameworksBuildPhase;
			buildActionMask = 2147483647;
			files = (
			);
			runOnlyForDeploymentPostprocessing = 0;
		};
		CF1279341F7420AA0084E469 /* Frameworks */ = {
			isa = PBXFrameworksBuildPhase;
			buildActionMask = 2147483647;
			files = (
			);
			runOnlyForDeploymentPostprocessing = 0;
		};
/* End PBXFrameworksBuildPhase section */

/* Begin PBXGroup section */
		CF12790F1F7420A90084E469 = {
			isa = PBXGroup;
			children = (
				CF12791A1F7420A90084E469 /* FoundersDirectory */,
				CF12792F1F7420A90084E469 /* FoundersDirectoryTests */,
				CF12793A1F7420AA0084E469 /* FoundersDirectoryUITests */,
				CF1279191F7420A90084E469 /* Products */,
			);
			sourceTree = "<group>";
		};
		CF1279191F7420A90084E469 /* Products */ = {
			isa = PBXGroup;
			children = (
				CF1279181F7420A90084E469 /* FoundersDirectory.app */,
				CF12792C1F7420A90084E469 /* FoundersDirectoryTests.xctest */,
				CF1279371F7420AA0084E469 /* FoundersDirectoryUITests.xctest */,
			);
			name = Products;
			sourceTree = "<group>";
		};
		CF12791A1F7420A90084E469 /* FoundersDirectory */ = {
			isa = PBXGroup;
			children = (
				CF12791B1F7420A90084E469 /* AppDelegate.swift */,
				CF12791D1F7420A90084E469 /* ViewController.swift */,
				CF12791F1F7420A90084E469 /* Main.storyboard */,
				CF1279221F7420A90084E469 /* Assets.xcassets */,
				CF1279241F7420A90084E469 /* LaunchScreen.storyboard */,
				CF1279271F7420A90084E469 /* Info.plist */,
			);
			path = FoundersDirectory;
			sourceTree = "<group>";
		};
		CF12792F1F7420A90084E469 /* FoundersDirectoryTests */ = {
			isa = PBXGroup;
			children = (
				CF1279301F7420A90084E469 /* FoundersDirectoryTests.swift */,
				CF1279321F7420A90084E469 /* Info.plist */,
			);
			path = FoundersDirectoryTests;
			sourceTree = "<group>";
		};
		CF12793A1F7420AA0084E469 /* FoundersDirectoryUITests */ = {
			isa = PBXGroup;
			children = (
				CF12793B1F7420AA0084E469 /* FoundersDirectoryUITests.swift */,
				CF12793D1F7420AA0084E469 /* Info.plist */,
			);
			path = FoundersDirectoryUITests;
			sourceTree = "<group>";
		};
/* End PBXGroup section */

/* Begin PBXNativeTarget section */
		CF1279171F7420A90084E469 /* FoundersDirectory */ = {
			isa = PBXNativeTarget;
			buildConfigurationList = CF1279401F7420AA0084E469 /* Build configuration list for PBXNativeTarget "FoundersDirectory" */;
			buildPhases = (
				CF1279141F7420A90084E469 /* Sources */,
				CF1279151F7420A90084E469 /* Frameworks */,
				CF1279161F7420A90084E469 /* Resources */,
			);
			buildRules = (
			);
			dependencies = (
			);
			name = FoundersDirectory;
			productName = FoundersDirectory;
			productReference = CF1279181F7420A90084E469 /* FoundersDirectory.app */;
			productType = "com.apple.product-type.application";
		};
		CF12792B1F7420A90084E469 /* FoundersDirectoryTests */ = {
			isa = PBXNativeTarget;
			buildConfigurationList = CF1279431F7420AA0084E469 /* Build configuration list for PBXNativeTarget "FoundersDirectoryTests" */;
			buildPhases = (
				CF1279281F7420A90084E469 /* Sources */,
				CF1279291F7420A90084E469 /* Frameworks */,
				CF12792A1F7420A90084E469 /* Resources */,
			);
			buildRules = (
			);
			dependencies = (
				CF12792E1F7420A90084E469 /* PBXTargetDependency */,
			);
			name = FoundersDirectoryTests;
			productName = FoundersDirectoryTests;
			productReference = CF12792C1F7420A90084E469 /* FoundersDirectoryTests.xctest */;
			productType = "com.apple.product-type.bundle.unit-test";
		};
		CF1279361F7420AA0084E469 /* FoundersDirectoryUITests */ = {
			isa = PBXNativeTarget;
			buildConfigurationList = CF1279461F7420AA0084E469 /* Build configuration list for PBXNativeTarget "FoundersDirectoryUITests" */;
			buildPhases = (
				CF1279331F7420AA0084E469 /* Sources */,
				CF1279341F7420AA0084E469 /* Frameworks */,
				CF1279351F7420AA0084E469 /* Resources */,
			);
			buildRules = (
			);
			dependencies = (
				CF1279391F7420AA0084E469 /* PBXTargetDependency */,
			);
			name = FoundersDirectoryUITests;
			productName = FoundersDirectoryUITests;
			productReference = CF1279371F7420AA0084E469 /* FoundersDirectoryUITests.xctest */;
			productType = "com.apple.product-type.bundle.ui-testing";
		};
/* End PBXNativeTarget section */

/* Begin PBXProject section */
		CF1279101F7420A90084E469 /* Project object */ = {
			isa = PBXProject;
			attributes = {
				LastSwiftUpdateCheck = 0900;
				LastUpgradeCheck = 0900;
				ORGANIZATIONNAME = "Victor Lazaro";
				TargetAttributes = {
					CF1279171F7420A90084E469 = {
						CreatedOnToolsVersion = 9.0;
						ProvisioningStyle = Automatic;
					};
					CF12792B1F7420A90084E469 = {
						CreatedOnToolsVersion = 9.0;
						ProvisioningStyle = Automatic;
						TestTargetID = CF1279171F7420A90084E469;
					};
					CF1279361F7420AA0084E469 = {
						CreatedOnToolsVersion = 9.0;
						ProvisioningStyle = Automatic;
						TestTargetID = CF1279171F7420A90084E469;
					};
				};
			};
			buildConfigurationList = CF1279131F7420A90084E469 /* Build configuration list for PBXProject "FoundersDirectory" */;
			compatibilityVersion = "Xcode 8.0";
			developmentRegion = en;
			hasScannedForEncodings = 0;
			knownRegions = (
				en,
				Base,
			);
			mainGroup = CF12790F1F7420A90084E469;
			productRefGroup = CF1279191F7420A90084E469 /* Products */;
			projectDirPath = "";
			projectRoot = "";
			targets = (
				CF1279171F7420A90084E469 /* FoundersDirectory */,
				CF12792B1F7420A90084E469 /* FoundersDirectoryTests */,
				CF1279361F7420AA0084E469 /* FoundersDirectoryUITests */,
			);
		};
/* End PBXProject section */

/* Begin PBXResourcesBuildPhase section */
		CF1279161F7420A90084E469 /* Resources */ = {
			isa = PBXResourcesBuildPhase;
			buildActionMask = 2147483647;
			files = (
				CF1279261F7420A90084E469 /* LaunchScreen.storyboard in Resources */,
				CF1279231F7420A90084E469 /* Assets.xcassets in Resources */,
				CF1279211F7420A90084E469 /* Main.storyboard in Resources */,
			);
			runOnlyForDeploymentPostprocessing = 0;
		};
		CF12792A1F7420A90084E469 /* Resources */ = {
			isa = PBXResourcesBuildPhase;
			buildActionMask = 2147483647;
			files = (
			);
			runOnlyForDeploymentPostprocessing = 0;
		};
		CF1279351F7420AA0084E469 /* Resources */ = {
			isa = PBXResourcesBuildPhase;
			buildActionMask = 2147483647;
			files = (
			);
			runOnlyForDeploymentPostprocessing = 0;
		};
/* End PBXResourcesBuildPhase section */

/* Begin PBXSourcesBuildPhase section */
		CF1279141F7420A90084E469 /* Sources */ = {
			isa = PBXSourcesBuildPhase;
			buildActionMask = 2147483647;
			files = (
				CF12791E1F7420A90084E469 /* ViewController.swift in Sources */,
				CF12791C1F7420A90084E469 /* AppDelegate.swift in Sources */,
			);
			runOnlyForDeploymentPostprocessing = 0;
		};
		CF1279281F7420A90084E469 /* Sources */ = {
			isa = PBXSourcesBuildPhase;
			buildActionMask = 2147483647;
			files = (
				CF1279311F7420A90084E469 /* FoundersDirectoryTests.swift in Sources */,
			);
			runOnlyForDeploymentPostprocessing = 0;
		};
		CF1279331F7420AA0084E469 /* Sources */ = {
			isa = PBXSourcesBuildPhase;
			buildActionMask = 2147483647;
			files = (
				CF12793C1F7420AA0084E469 /* FoundersDirectoryUITests.swift in Sources */,
			);
			runOnlyForDeploymentPostprocessing = 0;
		};
/* End PBXSourcesBuildPhase section */

/* Begin PBXTargetDependency section */
		CF12792E1F7420A90084E469 /* PBXTargetDependency */ = {
			isa = PBXTargetDependency;
			target = CF1279171F7420A90084E469 /* FoundersDirectory */;
			targetProxy = CF12792D1F7420A90084E469 /* PBXContainerItemProxy */;
		};
		CF1279391F7420AA0084E469 /* PBXTargetDependency */ = {
			isa = PBXTargetDependency;
			target = CF1279171F7420A90084E469 /* FoundersDirectory */;
			targetProxy = CF1279381F7420AA0084E469 /* PBXContainerItemProxy */;
		};
/* End PBXTargetDependency section */

/* Begin PBXVariantGroup section */
		CF12791F1F7420A90084E469 /* Main.storyboard */ = {
			isa = PBXVariantGroup;
			children = (
				CF1279201F7420A90084E469 /* Base */,
			);
			name = Main.storyboard;
			sourceTree = "<group>";
		};
		CF1279241F7420A90084E469 /* LaunchScreen.storyboard */ = {
			isa = PBXVariantGroup;
			children = (
				CF1279251F7420A90084E469 /* Base */,
			);
			name = LaunchScreen.storyboard;
			sourceTree = "<group>";
		};
/* End PBXVariantGroup section */

/* Begin XCBuildConfiguration section */
		CF12793E1F7420AA0084E469 /* Debug */ = {
			isa = XCBuildConfiguration;
			buildSettings = {
				ALWAYS_SEARCH_USER_PATHS = NO;
				CLANG_ANALYZER_NONNULL = YES;
				CLANG_ANALYZER_NUMBER_OBJECT_CONVERSION = YES_AGGRESSIVE;
				CLANG_CXX_LANGUAGE_STANDARD = "gnu++14";
				CLANG_CXX_LIBRARY = "libc++";
				CLANG_ENABLE_MODULES = YES;
				CLANG_ENABLE_OBJC_ARC = YES;
				CLANG_WARN_BLOCK_CAPTURE_AUTORELEASING = YES;
				CLANG_WARN_BOOL_CONVERSION = YES;
				CLANG_WARN_COMMA = YES;
				CLANG_WARN_CONSTANT_CONVERSION = YES;
				CLANG_WARN_DIRECT_OBJC_ISA_USAGE = YES_ERROR;
				CLANG_WARN_DOCUMENTATION_COMMENTS = YES;
				CLANG_WARN_EMPTY_BODY = YES;
				CLANG_WARN_ENUM_CONVERSION = YES;
				CLANG_WARN_INFINITE_RECURSION = YES;
				CLANG_WARN_INT_CONVERSION = YES;
				CLANG_WARN_NON_LITERAL_NULL_CONVERSION = YES;
				CLANG_WARN_OBJC_LITERAL_CONVERSION = YES;
				CLANG_WARN_OBJC_ROOT_CLASS = YES_ERROR;
				CLANG_WARN_RANGE_LOOP_ANALYSIS = YES;
				CLANG_WARN_STRICT_PROTOTYPES = YES;
				CLANG_WARN_SUSPICIOUS_MOVE = YES;
				CLANG_WARN_UNGUARDED_AVAILABILITY = YES_AGGRESSIVE;
				CLANG_WARN_UNREACHABLE_CODE = YES;
				CLANG_WARN__DUPLICATE_METHOD_MATCH = YES;
				CODE_SIGN_IDENTITY = "iPhone Developer";
				COPY_PHASE_STRIP = NO;
				DEBUG_INFORMATION_FORMAT = dwarf;
				ENABLE_STRICT_OBJC_MSGSEND = YES;
				ENABLE_TESTABILITY = YES;
				GCC_C_LANGUAGE_STANDARD = gnu11;
				GCC_DYNAMIC_NO_PIC = NO;
				GCC_NO_COMMON_BLOCKS = YES;
				GCC_OPTIMIZATION_LEVEL = 0;
				GCC_PREPROCESSOR_DEFINITIONS = (
					"DEBUG=1",
					"$(inherited)",
				);
				GCC_WARN_64_TO_32_BIT_CONVERSION = YES;
				GCC_WARN_ABOUT_RETURN_TYPE = YES_ERROR;
				GCC_WARN_UNDECLARED_SELECTOR = YES;
				GCC_WARN_UNINITIALIZED_AUTOS = YES_AGGRESSIVE;
				GCC_WARN_UNUSED_FUNCTION = YES;
				GCC_WARN_UNUSED_VARIABLE = YES;
				IPHONEOS_DEPLOYMENT_TARGET = 11.0;
				MTL_ENABLE_DEBUG_INFO = YES;
				ONLY_ACTIVE_ARCH = YES;
				SDKROOT = iphoneos;
				SWIFT_ACTIVE_COMPILATION_CONDITIONS = DEBUG;
				SWIFT_OPTIMIZATION_LEVEL = "-Onone";
			};
			name = Debug;
		};
		CF12793F1F7420AA0084E469 /* Release */ = {
			isa = XCBuildConfiguration;
			buildSettings = {
				ALWAYS_SEARCH_USER_PATHS = NO;
				CLANG_ANALYZER_NONNULL = YES;
				CLANG_ANALYZER_NUMBER_OBJECT_CONVERSION = YES_AGGRESSIVE;
				CLANG_CXX_LANGUAGE_STANDARD = "gnu++14";
				CLANG_CXX_LIBRARY = "libc++";
				CLANG_ENABLE_MODULES = YES;
				CLANG_ENABLE_OBJC_ARC = YES;
				CLANG_WARN_BLOCK_CAPTURE_AUTORELEASING = YES;
				CLANG_WARN_BOOL_CONVERSION = YES;
				CLANG_WARN_COMMA = YES;
				CLANG_WARN_CONSTANT_CONVERSION = YES;
				CLANG_WARN_DIRECT_OBJC_ISA_USAGE = YES_ERROR;
				CLANG_WARN_DOCUMENTATION_COMMENTS = YES;
				CLANG_WARN_EMPTY_BODY = YES;
				CLANG_WARN_ENUM_CONVERSION = YES;
				CLANG_WARN_INFINITE_RECURSION = YES;
				CLANG_WARN_INT_CONVERSION = YES;
				CLANG_WARN_NON_LITERAL_NULL_CONVERSION = YES;
				CLANG_WARN_OBJC_LITERAL_CONVERSION = YES;
				CLANG_WARN_OBJC_ROOT_CLASS = YES_ERROR;
				CLANG_WARN_RANGE_LOOP_ANALYSIS = YES;
				CLANG_WARN_STRICT_PROTOTYPES = YES;
				CLANG_WARN_SUSPICIOUS_MOVE = YES;
				CLANG_WARN_UNGUARDED_AVAILABILITY = YES_AGGRESSIVE;
				CLANG_WARN_UNREACHABLE_CODE = YES;
				CLANG_WARN__DUPLICATE_METHOD_MATCH = YES;
				CODE_SIGN_IDENTITY = "iPhone Developer";
				COPY_PHASE_STRIP = NO;
				DEBUG_INFORMATION_FORMAT = "dwarf-with-dsym";
				ENABLE_NS_ASSERTIONS = NO;
				ENABLE_STRICT_OBJC_MSGSEND = YES;
				GCC_C_LANGUAGE_STANDARD = gnu11;
				GCC_NO_COMMON_BLOCKS = YES;
				GCC_WARN_64_TO_32_BIT_CONVERSION = YES;
				GCC_WARN_ABOUT_RETURN_TYPE = YES_ERROR;
				GCC_WARN_UNDECLARED_SELECTOR = YES;
				GCC_WARN_UNINITIALIZED_AUTOS = YES_AGGRESSIVE;
				GCC_WARN_UNUSED_FUNCTION = YES;
				GCC_WARN_UNUSED_VARIABLE = YES;
				IPHONEOS_DEPLOYMENT_TARGET = 11.0;
				MTL_ENABLE_DEBUG_INFO = NO;
				SDKROOT = iphoneos;
				SWIFT_OPTIMIZATION_LEVEL = "-Owholemodule";
				VALIDATE_PRODUCT = YES;
			};
			name = Release;
		};
		CF1279411F7420AA0084E469 /* Debug */ = {
			isa = XCBuildConfiguration;
			buildSettings = {
				ASSETCATALOG_COMPILER_APPICON_NAME = AppIcon;
				CODE_SIGN_STYLE = Automatic;
				DEVELOPMENT_TEAM = JDFGFW52BC;
				INFOPLIST_FILE = FoundersDirectory/Info.plist;
				LD_RUNPATH_SEARCH_PATHS = "$(inherited) @executable_path/Frameworks";
				PRODUCT_BUNDLE_IDENTIFIER = is543.FoundersDirectory;
				PRODUCT_NAME = "$(TARGET_NAME)";
				SWIFT_VERSION = 4.0;
				TARGETED_DEVICE_FAMILY = "1,2";
			};
			name = Debug;
		};
		CF1279421F7420AA0084E469 /* Release */ = {
			isa = XCBuildConfiguration;
			buildSettings = {
				ASSETCATALOG_COMPILER_APPICON_NAME = AppIcon;
				CODE_SIGN_STYLE = Automatic;
				DEVELOPMENT_TEAM = JDFGFW52BC;
				INFOPLIST_FILE = FoundersDirectory/Info.plist;
				LD_RUNPATH_SEARCH_PATHS = "$(inherited) @executable_path/Frameworks";
				PRODUCT_BUNDLE_IDENTIFIER = is543.FoundersDirectory;
				PRODUCT_NAME = "$(TARGET_NAME)";
				SWIFT_VERSION = 4.0;
				TARGETED_DEVICE_FAMILY = "1,2";
			};
			name = Release;
		};
		CF1279441F7420AA0084E469 /* Debug */ = {
			isa = XCBuildConfiguration;
			buildSettings = {
				ALWAYS_EMBED_SWIFT_STANDARD_LIBRARIES = YES;
				BUNDLE_LOADER = "$(TEST_HOST)";
				CODE_SIGN_STYLE = Automatic;
				DEVELOPMENT_TEAM = JDFGFW52BC;
				INFOPLIST_FILE = FoundersDirectoryTests/Info.plist;
				LD_RUNPATH_SEARCH_PATHS = "$(inherited) @executable_path/Frameworks @loader_path/Frameworks";
				PRODUCT_BUNDLE_IDENTIFIER = is543.FoundersDirectoryTests;
				PRODUCT_NAME = "$(TARGET_NAME)";
				SWIFT_VERSION = 4.0;
				TARGETED_DEVICE_FAMILY = "1,2";
				TEST_HOST = "$(BUILT_PRODUCTS_DIR)/FoundersDirectory.app/FoundersDirectory";
			};
			name = Debug;
		};
		CF1279451F7420AA0084E469 /* Release */ = {
			isa = XCBuildConfiguration;
			buildSettings = {
				ALWAYS_EMBED_SWIFT_STANDARD_LIBRARIES = YES;
				BUNDLE_LOADER = "$(TEST_HOST)";
				CODE_SIGN_STYLE = Automatic;
				DEVELOPMENT_TEAM = JDFGFW52BC;
				INFOPLIST_FILE = FoundersDirectoryTests/Info.plist;
				LD_RUNPATH_SEARCH_PATHS = "$(inherited) @executable_path/Frameworks @loader_path/Frameworks";
				PRODUCT_BUNDLE_IDENTIFIER = is543.FoundersDirectoryTests;
				PRODUCT_NAME = "$(TARGET_NAME)";
				SWIFT_VERSION = 4.0;
				TARGETED_DEVICE_FAMILY = "1,2";
				TEST_HOST = "$(BUILT_PRODUCTS_DIR)/FoundersDirectory.app/FoundersDirectory";
			};
			name = Release;
		};
		CF1279471F7420AA0084E469 /* Debug */ = {
			isa = XCBuildConfiguration;
			buildSettings = {
				ALWAYS_EMBED_SWIFT_STANDARD_LIBRARIES = YES;
				CODE_SIGN_STYLE = Automatic;
				DEVELOPMENT_TEAM = JDFGFW52BC;
				INFOPLIST_FILE = FoundersDirectoryUITests/Info.plist;
				LD_RUNPATH_SEARCH_PATHS = "$(inherited) @executable_path/Frameworks @loader_path/Frameworks";
				PRODUCT_BUNDLE_IDENTIFIER = is543.FoundersDirectoryUITests;
				PRODUCT_NAME = "$(TARGET_NAME)";
				SWIFT_VERSION = 4.0;
				TARGETED_DEVICE_FAMILY = "1,2";
				TEST_TARGET_NAME = FoundersDirectory;
			};
			name = Debug;
		};
		CF1279481F7420AA0084E469 /* Release */ = {
			isa = XCBuildConfiguration;
			buildSettings = {
				ALWAYS_EMBED_SWIFT_STANDARD_LIBRARIES = YES;
				CODE_SIGN_STYLE = Automatic;
				DEVELOPMENT_TEAM = JDFGFW52BC;
				INFOPLIST_FILE = FoundersDirectoryUITests/Info.plist;
				LD_RUNPATH_SEARCH_PATHS = "$(inherited) @executable_path/Frameworks @loader_path/Frameworks";
				PRODUCT_BUNDLE_IDENTIFIER = is543.FoundersDirectoryUITests;
				PRODUCT_NAME = "$(TARGET_NAME)";
				SWIFT_VERSION = 4.0;
				TARGETED_DEVICE_FAMILY = "1,2";
				TEST_TARGET_NAME = FoundersDirectory;
			};
			name = Release;
		};
/* End XCBuildConfiguration section */

/* Begin XCConfigurationList section */
		CF1279131F7420A90084E469 /* Build configuration list for PBXProject "FoundersDirectory" */ = {
			isa = XCConfigurationList;
			buildConfigurations = (
				CF12793E1F7420AA0084E469 /* Debug */,
				CF12793F1F7420AA0084E469 /* Release */,
			);
			defaultConfigurationIsVisible = 0;
			defaultConfigurationName = Release;
		};
		CF1279401F7420AA0084E469 /* Build configuration list for PBXNativeTarget "FoundersDirectory" */ = {
			isa = XCConfigurationList;
			buildConfigurations = (
				CF1279411F7420AA0084E469 /* Debug */,
				CF1279421F7420AA0084E469 /* Release */,
			);
			defaultConfigurationIsVisible = 0;
			defaultConfigurationName = Release;
		};
		CF1279431F7420AA0084E469 /* Build configuration list for PBXNativeTarget "FoundersDirectoryTests" */ = {
			isa = XCConfigurationList;
			buildConfigurations = (
				CF1279441F7420AA0084E469 /* Debug */,
				CF1279451F7420AA0084E469 /* Release */,
			);
			defaultConfigurationIsVisible = 0;
			defaultConfigurationName = Release;
		};
		CF1279461F7420AA0084E469 /* Build configuration list for PBXNativeTarget "FoundersDirectoryUITests" */ = {
			isa = XCConfigurationList;
			buildConfigurations = (
				CF1279471F7420AA0084E469 /* Debug */,
				CF1279481F7420AA0084E469 /* Release */,
			);
			defaultConfigurationIsVisible = 0;
			defaultConfigurationName = Release;
		};
/* End XCConfigurationList section */
	};
	rootObject = CF1279101F7420A90084E469 /* Project object */;
}
